github.com/gorilla/mux v1.8.0 h1:i40aqfkR1h2SlN9hojwV5ZA91wcXFOvkdNIeFDP5koI=
github.com/gorilla/mux v1.8.0/go.mod h1:DVbg23sWSpFRCP0SfiEN6jmj59UnW/n46BH5rLB71So=
github.com/theotheradamsmith/verbose-octo-eureka/image v1.0.0 h1:lJIbK6lqQ7tQXc2hYWTyILlqr6S27p7OnurM0hur56o=
github.com/theotheradamsmith/verbose-octo-eureka/image v1.0.0/go.mod h1:hPtzeHf1zTH4zwXQntmRgyDCAa38aMwEOSB7fXCrV/s=
github.com/theotheradamsmith/verbose-octo-eureka/logic v1.0.0 h1:2t0T/W7EV7j5cka2gYnh9N7uwSpsM/jLlUdLrZGUpJ0=
github.com/theotheradamsmith/verbose-octo-eureka/logic v1.0.0/go.mod h1:2Tkg3lb52N20F/OqthjnuDXVxcg1QHC9oNSexmW3wtY=
